github.com/davecgh/go-spew v1.1.0 h1:ZDRjVQ15GmhC3fiQ8ni8+OwkZQO4DARzQgrnXU1Liz8=
github.com/davecgh/go-spew v1.1.0/go.mod h1:J7Y8YcW2NihsgmVo/mv3lAwl/skON4iLHjSsI+c5H38=
github.com/keep94/consume2 v0.6.0 h1:fjJYlyBAn25rSPnoutjvadUri6U4BddN39ZuuofhmEw=
github.com/keep94/consume2 v0.6.0/go.mod h1:oI2GS5jRbaWtXBO3wLiqr+dHpNmEyOgAJd4C1Jxp9o0=
github.com/keep94/context v0.1.0 h1:FecPv0geuWcdf+8nRmF5RnF6Sk2ahy26jFt7uRivmUw=
github.com/keep94/context v0.1.0/go.mod h1:IXF7ZIYvKxmGCPiN5tJYbhv5AWaxIDclpOQHuzJsxLI=
github.com/keep94/ramstore v1.0.1 h1:ufM7kaWgoTV9Ij92iN4CpHfdOL1R+Z5FvyGJMz5AFqA=
github.com/keep94/ramstore v1.0.1/go.mod h1:iEZtZc+1ktqIOiURQTr3kGtvtGJqWaIBzDNtMgmSyxw=
github.com/keep94/securecookie v0.1.1 h1:mE0byVoxSWXByR+RroDw2o9nM84W4cDM5IqioOSHw1o=
github.com/keep94/securecookie v0.1.1/go.mod h1:pJC1AUsh/C3uCqswdODRn+5w6/0Ezy+3QKKKf6hAcCU=
github.com/keep94/sessions v0.1.0 h1:sKY/ZVox4+SBTfwGnZ54zeLPCUI3HfGqT/w4sFXzHEI=
github.com/keep94/sessions v0.1.0/go.mod h1:xV8BxgCZFYA8E1+kaO5jMVI8x+/wr5Qe+M4rhaCgmj4=
github.com/keep94/toolbox v0.10.0 h1:Oc1HgcwmJfHjx9jOiUyGctMEhGcaOm4kWP+F5X9E2ME=
github.com/keep94/toolbox v0.10.0/go.mod h1:24PicnIycd6JZJwdE3+7MewUw3GNYAsDM1FaHDwiBvY=
github.com/keep94/weblogs v1.0.1 h1:sEN2JFqTPkc6BkCxwCKNXQuzh2h8eHLDLiCH2/KMWmM=
github.com/keep94/weblogs v1.0.1/go.mod h1:bYHO1S7UhVcPkoDjKAJTuCdSXoVdcv1n1I09kYlBKwE=
github.com/mattn/go-sqlite3 v1.14.16 h1:yOQRA0RpS5PFz/oikGwBEqvAWhWg5ufRz4ETLjwpU1Y=
github.com/mattn/go-sqlite3 v1.14.16/go.mod h1:2eHXhiwb8IkHr+BDWZGa96P6+rkvnG63S2DGjv9HUNg=
github.com/pmezard/go-difflib v1.0.0 h1:4DBwDE0NGyQoBHbLQYPwSUPoCMWR5BEzIk/f1lZbAQM=
github.com/pmezard/go-difflib v1.0.0/go.mod h1:iKH77koFhYxTK1pcRnkKkqfTogsbg7gZNVY4sRDYZ/4=
github.com/stretchr/objx v0.1.0/go.mod h1:HFkY916IF+rwdDfMAkV7OtwuqBVzrE8GR6GFx+wExME=
github.com/stretchr/testify v1.7.0 h1:nwc3DEeHmmLAfoZucVR881uASk0Mfjw8xYJ99tb5CcY=
github.com/stretchr/testify v1.7.0/go.mod h1:6Fq8oRcR53rry900zMqJjRRixrwX3KX962/h/Wwjteg=
golang.org/x/crypto v0.0.0-20190308221718-c2843e01d9a2/go.mod h1:djNgcEr1/C05ACkg1iLfiJU5Ep61QUkGW8qpdssI0+w=
golang.org/x/crypto v0.0.0-20200820211705-5c72a883971a h1:vclmkQCjlDX5OydZ9wv8rBCcS0QyQY66Mpf/7BZbInM=
golang.org/x/crypto v0.0.0-20200820211705-5c72a883971a/go.mod h1:LzIPMQfyMNhhGPhUkYOs5KpL4U8rLKemX1yGLhDgUto=
golang.org/x/net v0.0.0-20190404232315-eb5bcb51f2a3/go.mod h1:t9HGtf8HONx5eT2rtn7q6eTqICYqUVnKs3thJo3Qplg=
golang.org/x/sys v0.0.0-20190215142949-d0b11bdaac8a/go.mod h1:STP8DvDyc/dI5b8T5hshtkjS+E42TnysNCUPdjciGhY=
golang.org/x/sys v0.0.0-20190412213103-97732733099d/go.mod h1:h1NjWce9XRLGQEsW7wpKNCjG9DtNlClVuFLEZdDNbEs=
golang.org/x/text v0.3.0/go.mod h1:NqM8EUOU14njkJ3fqMW+pc6Ldnwhi/IjpwHt7yyuwOQ=
gopkg.in/check.v1 v0.0.0-20161208181325-20d25e280405 h1:yhCVgyC4o1eVCa2tZl7eS0r+SDo693bJlVdllGtEeKM=
gopkg.in/check.v1 v0.0.0-20161208181325-20d25e280405/go.mod h1:Co6ibVJAznAaIkqp8huTwlJQCZ016jof/cbN4VW5Yz0=
gopkg.in/yaml.v2 v2.3.0 h1:clyUAQHOM3G0M3f5vQj7LuJrETvjVot3Z5el9nffUtU=
gopkg.in/yaml.v2 v2.3.0/go.mod h1:hI93XBmqTisBFMUTm0b8Fm+jr3Dg1NNxqwp+5A1VGuI=
gopkg.in/yaml.v3 v3.0.0-20200313102051-9f266ea9e77c h1:dUUwHk2QECo/6vqA44rthZ8ie2QXMNeKRTHCNY2nXvo=
gopkg.in/yaml.v3 v3.0.0-20200313102051-9f266ea9e77c/go.mod h1:K4uyk7z7BCEPqu6E+C64Yfv1cQ7kz7rIZviUmN+EgEM=
